{
  "requires": true,
  "lockfileVersion": 1,
  "dependencies": {
    "base64-stream": {
      "version": "1.0.0",
      "resolved": "https://registry.npmjs.org/base64-stream/-/base64-stream-1.0.0.tgz",
      "integrity": "sha512-BQQZftaO48FcE1Kof9CmXMFaAdqkcNorgc8CxesZv9nMbbTF1EFyQe89UOuh//QMmdtfUDXyO8rgUalemL5ODA=="
    }
  }
}
